
Microsoft Visual Studio Solution File, Format Version 12.00
# Visual Studio Version 17
VisualStudioVersion = 17.14.36518.9 d17.14
MinimumVisualStudioVersion = 10.0.40219.1
Project("{FAE04EC0-301F-11D3-BF4B-00C04F79EFBC}") = "Presentation", "Presentation\Presentation.csproj", "{02CE4326-7304-4062-AC6A-34CADB0BD893}"
EndProject
Project("{FAE04EC0-301F-11D3-BF4B-00C04F79EFBC}") = "Common", "Common\Common.csproj", "{ECF2580D-7458-48AB-A21B-3B5174C378EC}"
EndProject
Project("{FAE04EC0-301F-11D3-BF4B-00C04F79EFBC}") = "DataAccess", "DataAccess\DataAccess.csproj", "{6ACEBF6C-A669-4BB2-A635-B2162743EC9C}"
EndProject
Global
	GlobalSection(SolutionConfigurationPlatforms) = preSolution
		Debug|Any CPU = Debug|Any CPU
		Release|Any CPU = Release|Any CPU
	EndGlobalSection
	GlobalSection(ProjectConfigurationPlatforms) = postSolution
		{02CE4326-7304-4062-AC6A-34CADB0BD893}.Debug|Any CPU.ActiveCfg = Debug|Any CPU
		{02CE4326-7304-4062-AC6A-34CADB0BD893}.Debug|Any CPU.Build.0 = Debug|Any CPU
		{02CE4326-7304-4062-AC6A-34CADB0BD893}.Release|Any CPU.ActiveCfg = Release|Any CPU
		{02CE4326-7304-4062-AC6A-34CADB0BD893}.Release|Any CPU.Build.0 = Release|Any CPU
		{ECF2580D-7458-48AB-A21B-3B5174C378EC}.Debug|Any CPU.ActiveCfg = Debug|Any CPU
		{ECF2580D-7458-48AB-A21B-3B5174C378EC}.Debug|Any CPU.Build.0 = Debug|Any CPU
		{ECF2580D-7458-48AB-A21B-3B5174C378EC}.Release|Any CPU.ActiveCfg = Release|Any CPU
		{ECF2580D-7458-48AB-A21B-3B5174C378EC}.Release|Any CPU.Build.0 = Release|Any CPU
		{6ACEBF6C-A669-4BB2-A635-B2162743EC9C}.Debug|Any CPU.ActiveCfg = Debug|Any CPU
		{6ACEBF6C-A669-4BB2-A635-B2162743EC9C}.Debug|Any CPU.Build.0 = Debug|Any CPU
		{6ACEBF6C-A669-4BB2-A635-B2162743EC9C}.Release|Any CPU.ActiveCfg = Release|Any CPU
		{6ACEBF6C-A669-4BB2-A635-B2162743EC9C}.Release|Any CPU.Build.0 = Release|Any CPU
	EndGlobalSection
	GlobalSection(SolutionProperties) = preSolution
		HideSolutionNode = FALSE
	EndGlobalSection
	GlobalSection(ExtensibilityGlobals) = postSolution
		SolutionGuid = {BF3710F2-0468-4F9F-B12E-52FD8CF8780A}
	EndGlobalSection
EndGlobal
